// !$*UTF8*$!
{
	archiveVersion = 1;
	classes = {
	};
	objectVersion = 46;
	objects = {

/* Begin PBXBuildFile section */
		84A54D491ECB2C0C00FBF4A7 /* AppDelegate.swift in Sources */ = {isa = PBXBuildFile; fileRef = 84A54D481ECB2C0C00FBF4A7 /* AppDelegate.swift */; };
		84A54D4B1ECB2C0C00FBF4A7 /* ViewController.swift in Sources */ = {isa = PBXBuildFile; fileRef = 84A54D4A1ECB2C0C00FBF4A7 /* ViewController.swift */; };
		84A54D4E1ECB2C0C00FBF4A7 /* Main.storyboard in Resources */ = {isa = PBXBuildFile; fileRef = 84A54D4C1ECB2C0C00FBF4A7 /* Main.storyboard */; };
		84A54D501ECB2C0C00FBF4A7 /* Assets.xcassets in Resources */ = {isa = PBXBuildFile; fileRef = 84A54D4F1ECB2C0C00FBF4A7 /* Assets.xcassets */; };
		84A54D531ECB2C0C00FBF4A7 /* LaunchScreen.storyboard in Resources */ = {isa = PBXBuildFile; fileRef = 84A54D511ECB2C0C00FBF4A7 /* LaunchScreen.storyboard */; };
		84A54D5B1ECB3DC500FBF4A7 /* TableViewCell.swift in Sources */ = {isa = PBXBuildFile; fileRef = 84A54D5A1ECB3DC500FBF4A7 /* TableViewCell.swift */; };
		84A54D5D1ECB475000FBF4A7 /* DetailViewController.swift in Sources */ = {isa = PBXBuildFile; fileRef = 84A54D5C1ECB475000FBF4A7 /* DetailViewController.swift */; };
/* End PBXBuildFile section */

/* Begin PBXFileReference section */
		84A54D451ECB2C0C00FBF4A7 /* TableViewAndCamera.app */ = {isa = PBXFileReference; explicitFileType = wrapper.application; includeInIndex = 0; path = TableViewAndCamera.app; sourceTree = BUILT_PRODUCTS_DIR; };
		84A54D481ECB2C0C00FBF4A7 /* AppDelegate.swift */ = {isa = PBXFileReference; lastKnownFileType = sourcecode.swift; path = AppDelegate.swift; sourceTree = "<group>"; };
		84A54D4A1ECB2C0C00FBF4A7 /* ViewController.swift */ = {isa = PBXFileReference; lastKnownFileType = sourcecode.swift; path = ViewController.swift; sourceTree = "<group>"; };
		84A54D4D1ECB2C0C00FBF4A7 /* Base */ = {isa = PBXFileReference; lastKnownFileType = file.storyboard; name = Base; path = Base.lproj/Main.storyboard; sourceTree = "<group>"; };
		84A54D4F1ECB2C0C00FBF4A7 /* Assets.xcassets */ = {isa = PBXFileReference; lastKnownFileType = folder.assetcatalog; path = Assets.xcassets; sourceTree = "<group>"; };
		84A54D521ECB2C0C00FBF4A7 /* Base */ = {isa = PBXFileReference; lastKnownFileType = file.storyboard; name = Base; path = Base.lproj/LaunchScreen.storyboard; sourceTree = "<group>"; };
		84A54D541ECB2C0C00FBF4A7 /* Info.plist */ = {isa = PBXFileReference; lastKnownFileType = text.plist.xml; path = Info.plist; sourceTree = "<group>"; };
		84A54D5A1ECB3DC500FBF4A7 /* TableViewCell.swift */ = {isa = PBXFileReference; fileEncoding = 4; lastKnownFileType = sourcecode.swift; path = TableViewCell.swift; sourceTree = "<group>"; };
		84A54D5C1ECB475000FBF4A7 /* DetailViewController.swift */ = {isa = PBXFileReference; fileEncoding = 4; lastKnownFileType = sourcecode.swift; path = DetailViewController.swift; sourceTree = "<group>"; };
/* End PBXFileReference section */

/* Begin PBXFrameworksBuildPhase section */
		84A54D421ECB2C0C00FBF4A7 /* Frameworks */ = {
			isa = PBXFrameworksBuildPhase;
			buildActionMask = 2147483647;
			files = (
			);
			runOnlyForDeploymentPostprocessing = 0;
		};
/* End PBXFrameworksBuildPhase section */

/* Begin PBXGroup section */
		84A54D3C1ECB2C0C00FBF4A7 = {
			isa = PBXGroup;
			children = (
				84A54D471ECB2C0C00FBF4A7 /* TableViewAndCamera */,
				84A54D461ECB2C0C00FBF4A7 /* Products */,
			);
			sourceTree = "<group>";
		};
		84A54D461ECB2C0C00FBF4A7 /* Products */ = {
			isa = PBXGroup;
			children = (
				84A54D451ECB2C0C00FBF4A7 /* TableViewAndCamera.app */,
			);
			name = Products;
			sourceTree = "<group>";
		};
		84A54D471ECB2C0C00FBF4A7 /* TableViewAndCamera */ = {
			isa = PBXGroup;
			children = (
				84A54D481ECB2C0C00FBF4A7 /* AppDelegate.swift */,
				84A54D4A1ECB2C0C00FBF4A7 /* ViewController.swift */,
				84A54D4C1ECB2C0C00FBF4A7 /* Main.storyboard */,
				84A54D5A1ECB3DC500FBF4A7 /* TableViewCell.swift */,
				84A54D5C1ECB475000FBF4A7 /* DetailViewController.swift */,
				84A54D4F1ECB2C0C00FBF4A7 /* Assets.xcassets */,
				84A54D511ECB2C0C00FBF4A7 /* LaunchScreen.storyboard */,
				84A54D541ECB2C0C00FBF4A7 /* Info.plist */,
			);
			path = TableViewAndCamera;
			sourceTree = "<group>";
		};
/* End PBXGroup section */

/* Begin PBXNativeTarget section */
		84A54D441ECB2C0C00FBF4A7 /* TableViewAndCamera */ = {
			isa = PBXNativeTarget;
			buildConfigurationList = 84A54D571ECB2C0C00FBF4A7 /* Build configuration list for PBXNativeTarget "TableViewAndCamera" */;
			buildPhases = (
				84A54D411ECB2C0C00FBF4A7 /* Sources */,
				84A54D421ECB2C0C00FBF4A7 /* Frameworks */,
				84A54D431ECB2C0C00FBF4A7 /* Resources */,
			);
			buildRules = (
			);
			dependencies = (
			);
			name = TableViewAndCamera;
			productName = TableViewAndCamera;
			productReference = 84A54D451ECB2C0C00FBF4A7 /* TableViewAndCamera.app */;
			productType = "com.apple.product-type.application";
		};
/* End PBXNativeTarget section */

/* Begin PBXProject section */
		84A54D3D1ECB2C0C00FBF4A7 /* Project object */ = {
			isa = PBXProject;
			attributes = {
				LastSwiftUpdateCheck = 0830;
				LastUpgradeCheck = 0830;
				ORGANIZATIONNAME = "Cid Hsieh";
				TargetAttributes = {
					84A54D441ECB2C0C00FBF4A7 = {
						CreatedOnToolsVersion = 8.3.2;
						DevelopmentTeam = 8H7X36TF25;
						ProvisioningStyle = Automatic;
					};
				};
			};
			buildConfigurationList = 84A54D401ECB2C0C00FBF4A7 /* Build configuration list for PBXProject "TableViewAndCamera" */;
			compatibilityVersion = "Xcode 3.2";
			developmentRegion = English;
			hasScannedForEncodings = 0;
			knownRegions = (
				en,
				Base,
			);
			mainGroup = 84A54D3C1ECB2C0C00FBF4A7;
			productRefGroup = 84A54D461ECB2C0C00FBF4A7 /* Products */;
			projectDirPath = "";
			projectRoot = "";
			targets = (
				84A54D441ECB2C0C00FBF4A7 /* TableViewAndCamera */,
			);
		};
/* End PBXProject section */

/* Begin PBXResourcesBuildPhase section */
		84A54D431ECB2C0C00FBF4A7 /* Resources */ = {
			isa = PBXResourcesBuildPhase;
			buildActionMask = 2147483647;
			files = (
				84A54D531ECB2C0C00FBF4A7 /* LaunchScreen.storyboard in Resources */,
				84A54D501ECB2C0C00FBF4A7 /* Assets.xcassets in Resources */,
				84A54D4E1ECB2C0C00FBF4A7 /* Main.storyboard in Resources */,
			);
			runOnlyForDeploymentPostprocessing = 0;
		};
/* End PBXResourcesBuildPhase section */

/* Begin PBXSourcesBuildPhase section */
		84A54D411ECB2C0C00FBF4A7 /* Sources */ = {
			isa = PBXSourcesBuildPhase;
			buildActionMask = 2147483647;
			files = (
				84A54D5B1ECB3DC500FBF4A7 /* TableViewCell.swift in Sources */,
				84A54D4B1ECB2C0C00FBF4A7 /* ViewController.swift in Sources */,
				84A54D491ECB2C0C00FBF4A7 /* AppDelegate.swift in Sources */,
				84A54D5D1ECB475000FBF4A7 /* DetailViewController.swift in Sources */,
			);
			runOnlyForDeploymentPostprocessing = 0;
		};
/* End PBXSourcesBuildPhase section */

/* Begin PBXVariantGroup section */
		84A54D4C1ECB2C0C00FBF4A7 /* Main.storyboard */ = {
			isa = PBXVariantGroup;
			children = (
				84A54D4D1ECB2C0C00FBF4A7 /* Base */,
			);
			name = Main.storyboard;
			sourceTree = "<group>";
		};
		84A54D511ECB2C0C00FBF4A7 /* LaunchScreen.storyboard */ = {
			isa = PBXVariantGroup;
			children = (
				84A54D521ECB2C0C00FBF4A7 /* Base */,
			);
			name = LaunchScreen.storyboard;
			sourceTree = "<group>";
		};
/* End PBXVariantGroup section */

/* Begin XCBuildConfiguration section */
		84A54D551ECB2C0C00FBF4A7 /* Debug */ = {
			isa = XCBuildConfiguration;
			buildSettings = {
				ALWAYS_SEARCH_USER_PATHS = NO;
				CLANG_ANALYZER_NONNULL = YES;
				CLANG_ANALYZER_NUMBER_OBJECT_CONVERSION = YES_AGGRESSIVE;
				CLANG_CXX_LANGUAGE_STANDARD = "gnu++0x";
				CLANG_CXX_LIBRARY = "libc++";
				CLANG_ENABLE_MODULES = YES;
				CLANG_ENABLE_OBJC_ARC = YES;
				CLANG_WARN_BOOL_CONVERSION = YES;
				CLANG_WARN_CONSTANT_CONVERSION = YES;
				CLANG_WARN_DIRECT_OBJC_ISA_USAGE = YES_ERROR;
				CLANG_WARN_DOCUMENTATION_COMMENTS = YES;
				CLANG_WARN_EMPTY_BODY = YES;
				CLANG_WARN_ENUM_CONVERSION = YES;
				CLANG_WARN_INFINITE_RECURSION = YES;
				CLANG_WARN_INT_CONVERSION = YES;
				CLANG_WARN_OBJC_ROOT_CLASS = YES_ERROR;
				CLANG_WARN_SUSPICIOUS_MOVE = YES;
				CLANG_WARN_UNREACHABLE_CODE = YES;
				CLANG_WARN__DUPLICATE_METHOD_MATCH = YES;
				"CODE_SIGN_IDENTITY[sdk=iphoneos*]" = "iPhone Developer";
				COPY_PHASE_STRIP = NO;
				DEBUG_INFORMATION_FORMAT = dwarf;
				ENABLE_STRICT_OBJC_MSGSEND = YES;
				ENABLE_TESTABILITY = YES;
				GCC_C_LANGUAGE_STANDARD = gnu99;
				GCC_DYNAMIC_NO_PIC = NO;
				GCC_NO_COMMON_BLOCKS = YES;
				GCC_OPTIMIZATION_LEVEL = 0;
				GCC_PREPROCESSOR_DEFINITIONS = (
					"DEBUG=1",
					"$(inherited)",
				);
				GCC_WARN_64_TO_32_BIT_CONVERSION = YES;
				GCC_WARN_ABOUT_RETURN_TYPE = YES_ERROR;
				GCC_WARN_UNDECLARED_SELECTOR = YES;
				GCC_WARN_UNINITIALIZED_AUTOS = YES_AGGRESSIVE;
				GCC_WARN_UNUSED_FUNCTION = YES;
				GCC_WARN_UNUSED_VARIABLE = YES;
				IPHONEOS_DEPLOYMENT_TARGET = 10.3;
				MTL_ENABLE_DEBUG_INFO = YES;
				ONLY_ACTIVE_ARCH = YES;
				SDKROOT = iphoneos;
				SWIFT_ACTIVE_COMPILATION_CONDITIONS = DEBUG;
				SWIFT_OPTIMIZATION_LEVEL = "-Onone";
				TARGETED_DEVICE_FAMILY = "1,2";
			};
			name = Debug;
		};
		84A54D561ECB2C0C00FBF4A7 /* Release */ = {
			isa = XCBuildConfiguration;
			buildSettings = {
				ALWAYS_SEARCH_USER_PATHS = NO;
				CLANG_ANALYZER_NONNULL = YES;
				CLANG_ANALYZER_NUMBER_OBJECT_CONVERSION = YES_AGGRESSIVE;
				CLANG_CXX_LANGUAGE_STANDARD = "gnu++0x";
				CLANG_CXX_LIBRARY = "libc++";
				CLANG_ENABLE_MODULES = YES;
				CLANG_ENABLE_OBJC_ARC = YES;
				CLANG_WARN_BOOL_CONVERSION = YES;
				CLANG_WARN_CONSTANT_CONVERSION = YES;
				CLANG_WARN_DIRECT_OBJC_ISA_USAGE = YES_ERROR;
				CLANG_WARN_DOCUMENTATION_COMMENTS = YES;
				CLANG_WARN_EMPTY_BODY = YES;
				CLANG_WARN_ENUM_CONVERSION = YES;
				CLANG_WARN_INFINITE_RECURSION = YES;
				CLANG_WARN_INT_CONVERSION = YES;
				CLANG_WARN_OBJC_ROOT_CLASS = YES_ERROR;
				CLANG_WARN_SUSPICIOUS_MOVE = YES;
				CLANG_WARN_UNREACHABLE_CODE = YES;
				CLANG_WARN__DUPLICATE_METHOD_MATCH = YES;
				"CODE_SIGN_IDENTITY[sdk=iphoneos*]" = "iPhone Developer";
				COPY_PHASE_STRIP = NO;
				DEBUG_INFORMATION_FORMAT = "dwarf-with-dsym";
				ENABLE_NS_ASSERTIONS = NO;
				ENABLE_STRICT_OBJC_MSGSEND = YES;
				GCC_C_LANGUAGE_STANDARD = gnu99;
				GCC_NO_COMMON_BLOCKS = YES;
				GCC_WARN_64_TO_32_BIT_CONVERSION = YES;
				GCC_WARN_ABOUT_RETURN_TYPE = YES_ERROR;
				GCC_WARN_UNDECLARED_SELECTOR = YES;
				GCC_WARN_UNINITIALIZED_AUTOS = YES_AGGRESSIVE;
				GCC_WARN_UNUSED_FUNCTION = YES;
				GCC_WARN_UNUSED_VARIABLE = YES;
				IPHONEOS_DEPLOYMENT_TARGET = 10.3;
				MTL_ENABLE_DEBUG_INFO = NO;
				SDKROOT = iphoneos;
				SWIFT_OPTIMIZATION_LEVEL = "-Owholemodule";
				TARGETED_DEVICE_FAMILY = "1,2";
				VALIDATE_PRODUCT = YES;
			};
			name = Release;
		};
		84A54D581ECB2C0C00FBF4A7 /* Debug */ = {
			isa = XCBuildConfiguration;
			buildSettings = {
				ASSETCATALOG_COMPILER_APPICON_NAME = AppIcon;
				DEVELOPMENT_TEAM = 8H7X36TF25;
				INFOPLIST_FILE = TableViewAndCamera/Info.plist;
				LD_RUNPATH_SEARCH_PATHS = "$(inherited) @executable_path/Frameworks";
				PRODUCT_BUNDLE_IDENTIFIER = com.CidHsieh.TableViewAndCamera;
				PRODUCT_NAME = "$(TARGET_NAME)";
				SWIFT_VERSION = 3.0;
			};
			name = Debug;
		};
		84A54D591ECB2C0C00FBF4A7 /* Release */ = {
			isa = XCBuildConfiguration;
			buildSettings = {
				ASSETCATALOG_COMPILER_APPICON_NAME = AppIcon;
				DEVELOPMENT_TEAM = 8H7X36TF25;
				INFOPLIST_FILE = TableViewAndCamera/Info.plist;
				LD_RUNPATH_SEARCH_PATHS = "$(inherited) @executable_path/Frameworks";
				PRODUCT_BUNDLE_IDENTIFIER = com.CidHsieh.TableViewAndCamera;
				PRODUCT_NAME = "$(TARGET_NAME)";
				SWIFT_VERSION = 3.0;
			};
			name = Release;
		};
/* End XCBuildConfiguration section */

/* Begin XCConfigurationList section */
		84A54D401ECB2C0C00FBF4A7 /* Build configuration list for PBXProject "TableViewAndCamera" */ = {
			isa = XCConfigurationList;
			buildConfigurations = (
				84A54D551ECB2C0C00FBF4A7 /* Debug */,
				84A54D561ECB2C0C00FBF4A7 /* Release */,
			);
			defaultConfigurationIsVisible = 0;
			defaultConfigurationName = Release;
		};
		84A54D571ECB2C0C00FBF4A7 /* Build configuration list for PBXNativeTarget "TableViewAndCamera" */ = {
			isa = XCConfigurationList;
			buildConfigurations = (
				84A54D581ECB2C0C00FBF4A7 /* Debug */,
				84A54D591ECB2C0C00FBF4A7 /* Release */,
			);
			defaultConfigurationIsVisible = 0;
		};
/* End XCConfigurationList section */
	};
	rootObject = 84A54D3D1ECB2C0C00FBF4A7 /* Project object */;
}
